<?xml version="1.0" encoding="utf-8"?>
<Project ToolsVersion="4.0" xmlns="http://schemas.microsoft.com/developer/msbuild/2003">
  <ItemGroup>
    <ClCompile Include="AlgoTradingBot.cpp" />
    <ClCompile Include="pch.cpp" />
    <ClCompile Include="StdAfx.cpp" />
    <ClCompile Include="TestCPPClient.cpp" />
    <ClCompile Include="Utils.cpp" />
    <ClCompile Include="ContractSamples.cpp" />
  </ItemGroup>
  <ItemGroup>
    <ClInclude Include="pch.h" />
    <ClInclude Include="StdAfx.h" />
    <ClInclude Include="TestCPPClient.h" />
    <ClInclude Include="Utils.h" />
    <ClInclude Include="ContractSamples.h" />
    <ClInclude Include="Time_Structure.h" />
    <ClInclude Include="matplotlib-cpp.h" />
  </ItemGroup>
</Project>